// !$*UTF8*$!
{
	archiveVersion = 1;
	classes = {
	};
	objectVersion = 56;
	objects = {

/* Begin PBXBuildFile section */
		9C4D18C3293FBF7500440494 /* ReactPaperSwiftersApp.swift in Sources */ = {isa = PBXBuildFile; fileRef = 9C4D18C2293FBF7500440494 /* ReactPaperSwiftersApp.swift */; };
		9C4D18C5293FBF7500440494 /* ContentView.swift in Sources */ = {isa = PBXBuildFile; fileRef = 9C4D18C4293FBF7500440494 /* ContentView.swift */; };
		9C4D18C7293FBF7600440494 /* Assets.xcassets in Resources */ = {isa = PBXBuildFile; fileRef = 9C4D18C6293FBF7600440494 /* Assets.xcassets */; };
		9C4D18CA293FBF7600440494 /* Preview Assets.xcassets in Resources */ = {isa = PBXBuildFile; fileRef = 9C4D18C9293FBF7600440494 /* Preview Assets.xcassets */; };
		9CBCAAD8294107F400677C7A /* Player.swift in Sources */ = {isa = PBXBuildFile; fileRef = 9CBCAAD7294107F400677C7A /* Player.swift */; };
		9CBCAADA2941089D00677C7A /* Move.swift in Sources */ = {isa = PBXBuildFile; fileRef = 9CBCAAD92941089D00677C7A /* Move.swift */; };
		9CBCAADC2941094B00677C7A /* Result.swift in Sources */ = {isa = PBXBuildFile; fileRef = 9CBCAADB2941094B00677C7A /* Result.swift */; };
		9CBCAADE29410B0C00677C7A /* ScoreView.swift in Sources */ = {isa = PBXBuildFile; fileRef = 9CBCAADD29410B0C00677C7A /* ScoreView.swift */; };
		9CBCAAE029410C2D00677C7A /* MoveButtonView.swift in Sources */ = {isa = PBXBuildFile; fileRef = 9CBCAADF29410C2D00677C7A /* MoveButtonView.swift */; };
		9CBCAAE229410D4200677C7A /* Scores.swift in Sources */ = {isa = PBXBuildFile; fileRef = 9CBCAAE129410D4200677C7A /* Scores.swift */; };
/* End PBXBuildFile section */

/* Begin PBXFileReference section */
		9C4D18BF293FBF7500440494 /* ReactPaperSwifters.app */ = {isa = PBXFileReference; explicitFileType = wrapper.application; includeInIndex = 0; path = ReactPaperSwifters.app; sourceTree = BUILT_PRODUCTS_DIR; };
		9C4D18C2293FBF7500440494 /* ReactPaperSwiftersApp.swift */ = {isa = PBXFileReference; lastKnownFileType = sourcecode.swift; path = ReactPaperSwiftersApp.swift; sourceTree = "<group>"; };
		9C4D18C4293FBF7500440494 /* ContentView.swift */ = {isa = PBXFileReference; lastKnownFileType = sourcecode.swift; path = ContentView.swift; sourceTree = "<group>"; };
		9C4D18C6293FBF7600440494 /* Assets.xcassets */ = {isa = PBXFileReference; lastKnownFileType = folder.assetcatalog; path = Assets.xcassets; sourceTree = "<group>"; };
		9C4D18C9293FBF7600440494 /* Preview Assets.xcassets */ = {isa = PBXFileReference; lastKnownFileType = folder.assetcatalog; path = "Preview Assets.xcassets"; sourceTree = "<group>"; };
		9CBCAAD7294107F400677C7A /* Player.swift */ = {isa = PBXFileReference; lastKnownFileType = sourcecode.swift; path = Player.swift; sourceTree = "<group>"; };
		9CBCAAD92941089D00677C7A /* Move.swift */ = {isa = PBXFileReference; lastKnownFileType = sourcecode.swift; path = Move.swift; sourceTree = "<group>"; };
		9CBCAADB2941094B00677C7A /* Result.swift */ = {isa = PBXFileReference; lastKnownFileType = sourcecode.swift; path = Result.swift; sourceTree = "<group>"; };
		9CBCAADD29410B0C00677C7A /* ScoreView.swift */ = {isa = PBXFileReference; lastKnownFileType = sourcecode.swift; path = ScoreView.swift; sourceTree = "<group>"; };
		9CBCAADF29410C2D00677C7A /* MoveButtonView.swift */ = {isa = PBXFileReference; lastKnownFileType = sourcecode.swift; path = MoveButtonView.swift; sourceTree = "<group>"; };
		9CBCAAE129410D4200677C7A /* Scores.swift */ = {isa = PBXFileReference; lastKnownFileType = sourcecode.swift; path = Scores.swift; sourceTree = "<group>"; };
/* End PBXFileReference section */

/* Begin PBXFrameworksBuildPhase section */
		9C4D18BC293FBF7500440494 /* Frameworks */ = {
			isa = PBXFrameworksBuildPhase;
			buildActionMask = 2147483647;
			files = (
			);
			runOnlyForDeploymentPostprocessing = 0;
		};
/* End PBXFrameworksBuildPhase section */

/* Begin PBXGroup section */
		9C4D18B6293FBF7500440494 = {
			isa = PBXGroup;
			children = (
				9C4D18C1293FBF7500440494 /* ReactPaperSwifters */,
				9C4D18C0293FBF7500440494 /* Products */,
			);
			sourceTree = "<group>";
		};
		9C4D18C0293FBF7500440494 /* Products */ = {
			isa = PBXGroup;
			children = (
				9C4D18BF293FBF7500440494 /* ReactPaperSwifters.app */,
			);
			name = Products;
			sourceTree = "<group>";
		};
		9C4D18C1293FBF7500440494 /* ReactPaperSwifters */ = {
			isa = PBXGroup;
			children = (
				9C970924294038DB004F3886 /* Views */,
				9C970923294038A8004F3886 /* Models */,
				9C970914294017AA004F3886 /* Utilities */,
				9C4D18C2293FBF7500440494 /* ReactPaperSwiftersApp.swift */,
				9C4D18C6293FBF7600440494 /* Assets.xcassets */,
				9C4D18C8293FBF7600440494 /* Preview Content */,
			);
			path = ReactPaperSwifters;
			sourceTree = "<group>";
		};
		9C4D18C8293FBF7600440494 /* Preview Content */ = {
			isa = PBXGroup;
			children = (
				9C4D18C9293FBF7600440494 /* Preview Assets.xcassets */,
			);
			path = "Preview Content";
			sourceTree = "<group>";
		};
		9C970914294017AA004F3886 /* Utilities */ = {
			isa = PBXGroup;
			children = (
				9CBCAAD7294107F400677C7A /* Player.swift */,
				9CBCAAD92941089D00677C7A /* Move.swift */,
				9CBCAADB2941094B00677C7A /* Result.swift */,
			);
			path = Utilities;
			sourceTree = "<group>";
		};
		9C970923294038A8004F3886 /* Models */ = {
			isa = PBXGroup;
			children = (
				9CBCAAE129410D4200677C7A /* Scores.swift */,
			);
			path = Models;
			sourceTree = "<group>";
		};
		9C970924294038DB004F3886 /* Views */ = {
			isa = PBXGroup;
			children = (
				9C4D18C4293FBF7500440494 /* ContentView.swift */,
				9CBCAADD29410B0C00677C7A /* ScoreView.swift */,
				9CBCAADF29410C2D00677C7A /* MoveButtonView.swift */,
			);
			path = Views;
			sourceTree = "<group>";
		};
/* End PBXGroup section */

/* Begin PBXNativeTarget section */
		9C4D18BE293FBF7500440494 /* ReactPaperSwifters */ = {
			isa = PBXNativeTarget;
			buildConfigurationList = 9C4D18CD293FBF7600440494 /* Build configuration list for PBXNativeTarget "ReactPaperSwifters" */;
			buildPhases = (
				9C4D18BB293FBF7500440494 /* Sources */,
				9C4D18BC293FBF7500440494 /* Frameworks */,
				9C4D18BD293FBF7500440494 /* Resources */,
			);
			buildRules = (
			);
			dependencies = (
			);
			name = ReactPaperSwifters;
			productName = ReactPaperSwifters;
			productReference = 9C4D18BF293FBF7500440494 /* ReactPaperSwifters.app */;
			productType = "com.apple.product-type.application";
		};
/* End PBXNativeTarget section */

/* Begin PBXProject section */
		9C4D18B7293FBF7500440494 /* Project object */ = {
			isa = PBXProject;
			attributes = {
				BuildIndependentTargetsInParallel = 1;
				LastSwiftUpdateCheck = 1410;
				LastUpgradeCheck = 1410;
				TargetAttributes = {
					9C4D18BE293FBF7500440494 = {
						CreatedOnToolsVersion = 14.1;
					};
				};
			};
			buildConfigurationList = 9C4D18BA293FBF7500440494 /* Build configuration list for PBXProject "ReactPaperSwifters" */;
			compatibilityVersion = "Xcode 14.0";
			developmentRegion = en;
			hasScannedForEncodings = 0;
			knownRegions = (
				en,
				Base,
			);
			mainGroup = 9C4D18B6293FBF7500440494;
			productRefGroup = 9C4D18C0293FBF7500440494 /* Products */;
			projectDirPath = "";
			projectRoot = "";
			targets = (
				9C4D18BE293FBF7500440494 /* ReactPaperSwifters */,
			);
		};
/* End PBXProject section */

/* Begin PBXResourcesBuildPhase section */
		9C4D18BD293FBF7500440494 /* Resources */ = {
			isa = PBXResourcesBuildPhase;
			buildActionMask = 2147483647;
			files = (
				9C4D18CA293FBF7600440494 /* Preview Assets.xcassets in Resources */,
				9C4D18C7293FBF7600440494 /* Assets.xcassets in Resources */,
			);
			runOnlyForDeploymentPostprocessing = 0;
		};
/* End PBXResourcesBuildPhase section */

/* Begin PBXSourcesBuildPhase section */
		9C4D18BB293FBF7500440494 /* Sources */ = {
			isa = PBXSourcesBuildPhase;
			buildActionMask = 2147483647;
			files = (
				9CBCAADA2941089D00677C7A /* Move.swift in Sources */,
				9CBCAADC2941094B00677C7A /* Result.swift in Sources */,
				9C4D18C5293FBF7500440494 /* ContentView.swift in Sources */,
				9CBCAAE029410C2D00677C7A /* MoveButtonView.swift in Sources */,
				9CBCAAD8294107F400677C7A /* Player.swift in Sources */,
				9C4D18C3293FBF7500440494 /* ReactPaperSwiftersApp.swift in Sources */,
				9CBCAAE229410D4200677C7A /* Scores.swift in Sources */,
				9CBCAADE29410B0C00677C7A /* ScoreView.swift in Sources */,
			);
			runOnlyForDeploymentPostprocessing = 0;
		};
/* End PBXSourcesBuildPhase section */

/* Begin XCBuildConfiguration section */
		9C4D18CB293FBF7600440494 /* Debug */ = {
			isa = XCBuildConfiguration;
			buildSettings = {
				ALWAYS_SEARCH_USER_PATHS = NO;
				CLANG_ANALYZER_NONNULL = YES;
				CLANG_ANALYZER_NUMBER_OBJECT_CONVERSION = YES_AGGRESSIVE;
				CLANG_CXX_LANGUAGE_STANDARD = "gnu++20";
				CLANG_ENABLE_MODULES = YES;
				CLANG_ENABLE_OBJC_ARC = YES;
				CLANG_ENABLE_OBJC_WEAK = YES;
				CLANG_WARN_BLOCK_CAPTURE_AUTORELEASING = YES;
				CLANG_WARN_BOOL_CONVERSION = YES;
				CLANG_WARN_COMMA = YES;
				CLANG_WARN_CONSTANT_CONVERSION = YES;
				CLANG_WARN_DEPRECATED_OBJC_IMPLEMENTATIONS = YES;
				CLANG_WARN_DIRECT_OBJC_ISA_USAGE = YES_ERROR;
				CLANG_WARN_DOCUMENTATION_COMMENTS = YES;
				CLANG_WARN_EMPTY_BODY = YES;
				CLANG_WARN_ENUM_CONVERSION = YES;
				CLANG_WARN_INFINITE_RECURSION = YES;
				CLANG_WARN_INT_CONVERSION = YES;
				CLANG_WARN_NON_LITERAL_NULL_CONVERSION = YES;
				CLANG_WARN_OBJC_IMPLICIT_RETAIN_SELF = YES;
				CLANG_WARN_OBJC_LITERAL_CONVERSION = YES;
				CLANG_WARN_OBJC_ROOT_CLASS = YES_ERROR;
				CLANG_WARN_QUOTED_INCLUDE_IN_FRAMEWORK_HEADER = YES;
				CLANG_WARN_RANGE_LOOP_ANALYSIS = YES;
				CLANG_WARN_STRICT_PROTOTYPES = YES;
				CLANG_WARN_SUSPICIOUS_MOVE = YES;
				CLANG_WARN_UNGUARDED_AVAILABILITY = YES_AGGRESSIVE;
				CLANG_WARN_UNREACHABLE_CODE = YES;
				CLANG_WARN__DUPLICATE_METHOD_MATCH = YES;
				COPY_PHASE_STRIP = NO;
				DEBUG_INFORMATION_FORMAT = dwarf;
				ENABLE_STRICT_OBJC_MSGSEND = YES;
				ENABLE_TESTABILITY = YES;
				GCC_C_LANGUAGE_STANDARD = gnu11;
				GCC_DYNAMIC_NO_PIC = NO;
				GCC_NO_COMMON_BLOCKS = YES;
				GCC_OPTIMIZATION_LEVEL = 0;
				GCC_PREPROCESSOR_DEFINITIONS = (
					"DEBUG=1",
					"$(inherited)",
				);
				GCC_WARN_64_TO_32_BIT_CONVERSION = YES;
				GCC_WARN_ABOUT_RETURN_TYPE = YES_ERROR;
				GCC_WARN_UNDECLARED_SELECTOR = YES;
				GCC_WARN_UNINITIALIZED_AUTOS = YES_AGGRESSIVE;
				GCC_WARN_UNUSED_FUNCTION = YES;
				GCC_WARN_UNUSED_VARIABLE = YES;
				IPHONEOS_DEPLOYMENT_TARGET = 16.1;
				MTL_ENABLE_DEBUG_INFO = INCLUDE_SOURCE;
				MTL_FAST_MATH = YES;
				ONLY_ACTIVE_ARCH = YES;
				SDKROOT = iphoneos;
				SWIFT_ACTIVE_COMPILATION_CONDITIONS = DEBUG;
				SWIFT_OPTIMIZATION_LEVEL = "-Onone";
			};
			name = Debug;
		};
		9C4D18CC293FBF7600440494 /* Release */ = {
			isa = XCBuildConfiguration;
			buildSettings = {
				ALWAYS_SEARCH_USER_PATHS = NO;
				CLANG_ANALYZER_NONNULL = YES;
				CLANG_ANALYZER_NUMBER_OBJECT_CONVERSION = YES_AGGRESSIVE;
				CLANG_CXX_LANGUAGE_STANDARD = "gnu++20";
				CLANG_ENABLE_MODULES = YES;
				CLANG_ENABLE_OBJC_ARC = YES;
				CLANG_ENABLE_OBJC_WEAK = YES;
				CLANG_WARN_BLOCK_CAPTURE_AUTORELEASING = YES;
				CLANG_WARN_BOOL_CONVERSION = YES;
				CLANG_WARN_COMMA = YES;
				CLANG_WARN_CONSTANT_CONVERSION = YES;
				CLANG_WARN_DEPRECATED_OBJC_IMPLEMENTATIONS = YES;
				CLANG_WARN_DIRECT_OBJC_ISA_USAGE = YES_ERROR;
				CLANG_WARN_DOCUMENTATION_COMMENTS = YES;
				CLANG_WARN_EMPTY_BODY = YES;
				CLANG_WARN_ENUM_CONVERSION = YES;
				CLANG_WARN_INFINITE_RECURSION = YES;
				CLANG_WARN_INT_CONVERSION = YES;
				CLANG_WARN_NON_LITERAL_NULL_CONVERSION = YES;
				CLANG_WARN_OBJC_IMPLICIT_RETAIN_SELF = YES;
				CLANG_WARN_OBJC_LITERAL_CONVERSION = YES;
				CLANG_WARN_OBJC_ROOT_CLASS = YES_ERROR;
				CLANG_WARN_QUOTED_INCLUDE_IN_FRAMEWORK_HEADER = YES;
				CLANG_WARN_RANGE_LOOP_ANALYSIS = YES;
				CLANG_WARN_STRICT_PROTOTYPES = YES;
				CLANG_WARN_SUSPICIOUS_MOVE = YES;
				CLANG_WARN_UNGUARDED_AVAILABILITY = YES_AGGRESSIVE;
				CLANG_WARN_UNREACHABLE_CODE = YES;
				CLANG_WARN__DUPLICATE_METHOD_MATCH = YES;
				COPY_PHASE_STRIP = NO;
				DEBUG_INFORMATION_FORMAT = "dwarf-with-dsym";
				ENABLE_NS_ASSERTIONS = NO;
				ENABLE_STRICT_OBJC_MSGSEND = YES;
				GCC_C_LANGUAGE_STANDARD = gnu11;
				GCC_NO_COMMON_BLOCKS = YES;
				GCC_WARN_64_TO_32_BIT_CONVERSION = YES;
				GCC_WARN_ABOUT_RETURN_TYPE = YES_ERROR;
				GCC_WARN_UNDECLARED_SELECTOR = YES;
				GCC_WARN_UNINITIALIZED_AUTOS = YES_AGGRESSIVE;
				GCC_WARN_UNUSED_FUNCTION = YES;
				GCC_WARN_UNUSED_VARIABLE = YES;
				IPHONEOS_DEPLOYMENT_TARGET = 16.1;
				MTL_ENABLE_DEBUG_INFO = NO;
				MTL_FAST_MATH = YES;
				SDKROOT = iphoneos;
				SWIFT_COMPILATION_MODE = wholemodule;
				SWIFT_OPTIMIZATION_LEVEL = "-O";
				VALIDATE_PRODUCT = YES;
			};
			name = Release;
		};
		9C4D18CE293FBF7600440494 /* Debug */ = {
			isa = XCBuildConfiguration;
			buildSettings = {
				ASSETCATALOG_COMPILER_APPICON_NAME = AppIcon;
				ASSETCATALOG_COMPILER_GLOBAL_ACCENT_COLOR_NAME = AccentColor;
				CODE_SIGN_STYLE = Automatic;
				CURRENT_PROJECT_VERSION = 1;
				DEVELOPMENT_ASSET_PATHS = "\"ReactPaperSwifters/Preview Content\"";
				DEVELOPMENT_TEAM = H2SYUG96L9;
				ENABLE_PREVIEWS = YES;
				GENERATE_INFOPLIST_FILE = YES;
				INFOPLIST_KEY_UIApplicationSceneManifest_Generation = YES;
				INFOPLIST_KEY_UIApplicationSupportsIndirectInputEvents = YES;
				INFOPLIST_KEY_UILaunchScreen_Generation = YES;
				INFOPLIST_KEY_UIStatusBarStyle = "";
				INFOPLIST_KEY_UISupportedInterfaceOrientations_iPad = "UIInterfaceOrientationPortrait UIInterfaceOrientationPortraitUpsideDown UIInterfaceOrientationLandscapeLeft UIInterfaceOrientationLandscapeRight";
				INFOPLIST_KEY_UISupportedInterfaceOrientations_iPhone = "UIInterfaceOrientationPortrait UIInterfaceOrientationLandscapeLeft UIInterfaceOrientationLandscapeRight";
				INFOPLIST_KEY_UIUserInterfaceStyle = Dark;
				LD_RUNPATH_SEARCH_PATHS = (
					"$(inherited)",
					"@executable_path/Frameworks",
				);
				MARKETING_VERSION = 1.0;
				PRODUCT_BUNDLE_IDENTIFIER = peyton.ReactPaperSwifters;
				PRODUCT_NAME = "$(TARGET_NAME)";
				SWIFT_EMIT_LOC_STRINGS = YES;
				SWIFT_VERSION = 5.0;
				TARGETED_DEVICE_FAMILY = "1,2";
			};
			name = Debug;
		};
		9C4D18CF293FBF7600440494 /* Release */ = {
			isa = XCBuildConfiguration;
			buildSettings = {
				ASSETCATALOG_COMPILER_APPICON_NAME = AppIcon;
				ASSETCATALOG_COMPILER_GLOBAL_ACCENT_COLOR_NAME = AccentColor;
				CODE_SIGN_STYLE = Automatic;
				CURRENT_PROJECT_VERSION = 1;
				DEVELOPMENT_ASSET_PATHS = "\"ReactPaperSwifters/Preview Content\"";
				DEVELOPMENT_TEAM = H2SYUG96L9;
				ENABLE_PREVIEWS = YES;
				GENERATE_INFOPLIST_FILE = YES;
				INFOPLIST_KEY_UIApplicationSceneManifest_Generation = YES;
				INFOPLIST_KEY_UIApplicationSupportsIndirectInputEvents = YES;
				INFOPLIST_KEY_UILaunchScreen_Generation = YES;
				INFOPLIST_KEY_UIStatusBarStyle = "";
				INFOPLIST_KEY_UISupportedInterfaceOrientations_iPad = "UIInterfaceOrientationPortrait UIInterfaceOrientationPortraitUpsideDown UIInterfaceOrientationLandscapeLeft UIInterfaceOrientationLandscapeRight";
				INFOPLIST_KEY_UISupportedInterfaceOrientations_iPhone = "UIInterfaceOrientationPortrait UIInterfaceOrientationLandscapeLeft UIInterfaceOrientationLandscapeRight";
				INFOPLIST_KEY_UIUserInterfaceStyle = Dark;
				LD_RUNPATH_SEARCH_PATHS = (
					"$(inherited)",
					"@executable_path/Frameworks",
				);
				MARKETING_VERSION = 1.0;
				PRODUCT_BUNDLE_IDENTIFIER = peyton.ReactPaperSwifters;
				PRODUCT_NAME = "$(TARGET_NAME)";
				SWIFT_EMIT_LOC_STRINGS = YES;
				SWIFT_VERSION = 5.0;
				TARGETED_DEVICE_FAMILY = "1,2";
			};
			name = Release;
		};
/* End XCBuildConfiguration section */

/* Begin XCConfigurationList section */
		9C4D18BA293FBF7500440494 /* Build configuration list for PBXProject "ReactPaperSwifters" */ = {
			isa = XCConfigurationList;
			buildConfigurations = (
				9C4D18CB293FBF7600440494 /* Debug */,
				9C4D18CC293FBF7600440494 /* Release */,
			);
			defaultConfigurationIsVisible = 0;
			defaultConfigurationName = Release;
		};
		9C4D18CD293FBF7600440494 /* Build configuration list for PBXNativeTarget "ReactPaperSwifters" */ = {
			isa = XCConfigurationList;
			buildConfigurations = (
				9C4D18CE293FBF7600440494 /* Debug */,
				9C4D18CF293FBF7600440494 /* Release */,
			);
			defaultConfigurationIsVisible = 0;
			defaultConfigurationName = Release;
		};
/* End XCConfigurationList section */
	};
	rootObject = 9C4D18B7293FBF7500440494 /* Project object */;
}
